dependencies:
- name: ambassador
  repository: https://getambassador.io
  version: 6.6.2
- name: minio
  repository: https://charts.bitnami.com/bitnami
  version: 6.7.7
- name: rabbitmq
  repository: https://charts.bitnami.com/bitnami
  version: 8.13.1
- name: ingress-nginx
  repository: https://kubernetes.github.io/ingress-nginx
  version: 3.31.0
digest: sha256:c4f638003b2283567f8ab19080720edab391d4edb16ce46fcdd20bf94a9954d7
generated: "2021-05-20T00:12:44.6153262+03:00"
