dependencies:
- name: ambassador
  repository: https://getambassador.io
  version: 6.7.13
- name: minio
  repository: https://charts.bitnami.com/bitnami
  version: 7.1.6
- name: rabbitmq
  repository: https://charts.bitnami.com/bitnami
  version: 8.19.1
- name: ingress-nginx
  repository: https://kubernetes.github.io/ingress-nginx
  version: 3.34.0
- name: kube-prometheus-stack
  repository: https://prometheus-community.github.io/helm-charts
  version: 17.0.3
digest: sha256:405c5b3005afadb13cdafecca2b8c3057289d251d41fdb43a832a54d22d0c845
generated: "2021-08-01T14:22:23.5892038+03:00"
